# This file is autogenerated, do not edit; changes may be undone by the next 'dep ensure'.


[[projects]]
  branch = "master"
  name = "github.com/bmatcuk/doublestar"
  packages = ["."]
  revision = "dd6a6f0a8cdfaaa88b08cf26cf1bc7d69003ee13"

[[projects]]
  branch = "master"
  name = "github.com/cortesi/termlog"
  packages = ["."]
  revision = "2ed14eb6ce62ec5bcc3fd25885a1d13d53f34fd1"

[[projects]]
  name = "github.com/fatih/color"
  packages = ["."]
  revision = "570b54cabe6b8eb0bc2dfce68d964677d63b5260"
  version = "v1.5.0"

[[projects]]
  name = "github.com/mattn/go-colorable"
  packages = ["."]
  revision = "167de6bfdfba052fa6b2d3664c8f5272e23c9072"
  version = "v0.0.9"

[[projects]]
  name = "github.com/mattn/go-isatty"
  packages = ["."]
  revision = "0360b2af4f38e8d38c7fce2a9f4e702702d73a39"
  version = "v0.0.3"

[[projects]]
  branch = "master"
  name = "github.com/rjeczalik/notify"
  packages = ["."]
  revision = "767eb674ef14b09119b2fff3601e64558d530c47"

[[projects]]
  branch = "master"
  name = "golang.org/x/crypto"
  packages = ["ssh/terminal"]
  revision = "bd6f299fb381e4c3393d1c4b1f0b94f5e77650c8"

[[projects]]
  branch = "master"
  name = "golang.org/x/net"
  packages = ["context"]
  revision = "c73622c77280266305273cb545f54516ced95b93"

[[projects]]
  branch = "master"
  name = "golang.org/x/sys"
  packages = ["unix","windows"]
  revision = "95c6576299259db960f6c5b9b69ea52422860fce"

[solve-meta]
  analyzer-name = "dep"
  analyzer-version = 1
  inputs-digest = "1526b7fee5bad2d7861a1fe16d74203386c1e6305b3e8d86702558a2b67e9ffb"
  solver-name = "gps-cdcl"
  solver-version = 1
